
Microsoft Visual Studio Solution File, Format Version 12.00
# Visual Studio Version 16
VisualStudioVersion = 16.0.28803.202
MinimumVisualStudioVersion = 10.0.40219.1
Project("{9A19103F-16F7-4668-BE54-9A1E7A4F7556}") = "MQTTnet.AspNetCoreEx", "MQTTnet.AspNetCoreEx.csproj", "{BF88A3EC-C1F3-434B-8865-5C204B2DFDE7}"
EndProject
Global
	GlobalSection(SolutionConfigurationPlatforms) = preSolution
		Debug|Any CPU = Debug|Any CPU
		Release|Any CPU = Release|Any CPU
	EndGlobalSection
	GlobalSection(ProjectConfigurationPlatforms) = postSolution
		{BF88A3EC-C1F3-434B-8865-5C204B2DFDE7}.Debug|Any CPU.ActiveCfg = Debug|Any CPU
		{BF88A3EC-C1F3-434B-8865-5C204B2DFDE7}.Debug|Any CPU.Build.0 = Debug|Any CPU
		{BF88A3EC-C1F3-434B-8865-5C204B2DFDE7}.Release|Any CPU.ActiveCfg = Release|Any CPU
		{BF88A3EC-C1F3-434B-8865-5C204B2DFDE7}.Release|Any CPU.Build.0 = Release|Any CPU
	EndGlobalSection
	GlobalSection(SolutionProperties) = preSolution
		HideSolutionNode = FALSE
	EndGlobalSection
	GlobalSection(ExtensibilityGlobals) = postSolution
		SolutionGuid = {97690ACC-87F9-4483-B2E6-8B3249BE9E28}
	EndGlobalSection
EndGlobal
